<?xml version="1.0" encoding="utf-8"?>
<Project ToolsVersion="4.0" xmlns="http://schemas.microsoft.com/developer/msbuild/2003">
  <ItemGroup>
    <Filter Include="Source Files">
      <UniqueIdentifier>{4FC737F1-C7A5-4376-A066-2A32D752A2FF}</UniqueIdentifier>
      <Extensions>cpp;c;cc;cxx;c++;cppm;ixx;def;odl;idl;hpj;bat;asm;asmx</Extensions>
    </Filter>
    <Filter Include="Header Files">
      <UniqueIdentifier>{93995380-89BD-4b04-88EB-625FBE52EBFB}</UniqueIdentifier>
      <Extensions>h;hh;hpp;hxx;h++;hm;inl;inc;ipp;xsd</Extensions>
    </Filter>
    <Filter Include="Resource Files">
      <UniqueIdentifier>{67DA6AB6-F800-4c08-8B7A-83BB121AAD01}</UniqueIdentifier>
      <Extensions>rc;ico;cur;bmp;dlg;rc2;rct;bin;rgs;gif;jpg;jpeg;jpe;resx;tiff;tif;png;wav;mfcribbon-ms</Extensions>
    </Filter>
    <Filter Include="Resource Files\JSON">
      <UniqueIdentifier>{f8b0d449-12d1-4bbd-8a14-857a06214f04}</UniqueIdentifier>
    </Filter>
    <Filter Include="Resource Files\JSON\Skills">
      <UniqueIdentifier>{ad50c7ee-7bd6-4a3a-b6b0-da0e0a8c2577}</UniqueIdentifier>
    </Filter>
  </ItemGroup>
  <ItemGroup>
    <ClInclude Include="Stat_FE.h">
      <Filter>Header Files</Filter>
    </ClInclude>
    <ClInclude Include="Job_Fates.h">
      <Filter>Header Files</Filter>
    </ClInclude>
    <ClInclude Include="StatBlock_Fates.h">
      <Filter>Header Files</Filter>
    </ClInclude>
    <ClInclude Include="Unit_Base_Fates.h">
      <Filter>Header Files</Filter>
    </ClInclude>
    <ClInclude Include="Ability_List_FE.h">
      <Filter>Header Files</Filter>
    </ClInclude>
    <ClInclude Include="Basic_blocks_FE.h">
      <Filter>Header Files</Filter>
    </ClInclude>
    <ClInclude Include="Ability_FE.h">
      <Filter>Header Files</Filter>
    </ClInclude>
    <ClInclude Include="fe_fates_namespace.h">
      <Filter>Header Files</Filter>
    </ClInclude>
    <ClInclude Include="Job_List_Fates.h">
      <Filter>Header Files</Filter>
    </ClInclude>
    <ClInclude Include="Bonus_statblock.h">
      <Filter>Header Files</Filter>
    </ClInclude>
    <ClInclude Include="Unit_Factory_Fates.h">
      <Filter>Header Files</Filter>
    </ClInclude>
  </ItemGroup>
  <ItemGroup>
    <ClCompile Include="Stat_FE.cpp">
      <Filter>Source Files</Filter>
    </ClCompile>
    <ClCompile Include="Source.cpp">
      <Filter>Source Files</Filter>
    </ClCompile>
    <ClCompile Include="Job_Fates.cpp">
      <Filter>Source Files</Filter>
    </ClCompile>
    <ClCompile Include="StatBlock_Fates.cpp">
      <Filter>Source Files</Filter>
    </ClCompile>
    <ClCompile Include="Unit_Base_Fates.cpp">
      <Filter>Source Files</Filter>
    </ClCompile>
    <ClCompile Include="Ability_List_FE.cpp">
      <Filter>Source Files</Filter>
    </ClCompile>
    <ClCompile Include="Basic_blocks_FE.cpp">
      <Filter>Source Files</Filter>
    </ClCompile>
    <ClCompile Include="Ability_FE.cpp">
      <Filter>Source Files</Filter>
    </ClCompile>
    <ClCompile Include="Job_List_Fates.cpp">
      <Filter>Source Files</Filter>
    </ClCompile>
    <ClCompile Include="Bonus_statblock.cpp">
      <Filter>Source Files</Filter>
    </ClCompile>
    <ClCompile Include="Unit_Factory_Fates.cpp">
      <Filter>Source Files</Filter>
    </ClCompile>
  </ItemGroup>
  <ItemGroup>
    <None Include="JSON\Skills\PersonalSkills.json">
      <Filter>Resource Files\JSON\Skills</Filter>
    </None>
  </ItemGroup>
</Project>